
Microsoft Visual Studio Solution File, Format Version 12.00
# Visual Studio 14
VisualStudioVersion = 14.0.25420.1
MinimumVisualStudioVersion = 10.0.40219.1
Project("{FAE04EC0-301F-11D3-BF4B-00C04F79EFBC}") = "AdaptiveCards.Model", "AdaptiveCards.Model\AdaptiveCards.Model.csproj", "{1B1D0934-2B03-42A5-8322-D480CDFDD55B}"
EndProject
Project("{FAE04EC0-301F-11D3-BF4B-00C04F79EFBC}") = "AdaptiveCards.Wpf.Renderer", "AdaptiveCards.Wpf.Renderer\AdaptiveCards.Wpf.Renderer.csproj", "{60619D62-59FA-4864-BA5B-6F6F87997671}"
EndProject
Project("{FAE04EC0-301F-11D3-BF4B-00C04F79EFBC}") = "AdaptiveCards.Wpf.Visualizer", "AdaptiveCards.Wpf.Visualizer\AdaptiveCards.Wpf.Visualizer.csproj", "{012406C8-BB8F-493B-A3A1-0D02214ADAA1}"
EndProject
Project("{2150E333-8FDC-42A3-9474-1A3956D46DE8}") = "WPF", "WPF", "{34E7CAB1-15F6-4076-85F8-50662DC43AAD}"
EndProject
Project("{2150E333-8FDC-42A3-9474-1A3956D46DE8}") = "XamarinForms", "XamarinForms", "{C443BF0A-C616-4E98-8994-C5BAE76AE556}"
EndProject
Project("{FAE04EC0-301F-11D3-BF4B-00C04F79EFBC}") = "AdaptiveCards.XamarinForms.Renderer", "AdaptiveCards.XamarinForms.Renderer\AdaptiveCards.XamarinForms.Renderer.csproj", "{67F9D3A8-F71E-4428-913F-C37AE82CDB24}"
EndProject
Project("{FAE04EC0-301F-11D3-BF4B-00C04F79EFBC}") = "AdaptiveCards.XamarinForms.BotClient", "AdaptiveCards.XamarinForms.BotClient\AdaptiveCards.XamarinForms.BotClient\AdaptiveCards.XamarinForms.BotClient.csproj", "{8FBF1B9B-4DA1-45A1-A682-0C87E4AC34CC}"
EndProject
Project("{FAE04EC0-301F-11D3-BF4B-00C04F79EFBC}") = "AdaptiveCards.XamarinForms.BotClient.UWP", "AdaptiveCards.XamarinForms.BotClient\AdaptiveCards.XamarinForms.BotClient.UWP\AdaptiveCards.XamarinForms.BotClient.UWP.csproj", "{732594E9-8585-4EE8-ABA7-70F4AEDC56AF}"
EndProject
Project("{8BB2217D-0F2D-49D1-97BC-3654ED321F3B}") = "AdaptiveCards.XamarinForms.BotClient2", "AdaptiveCards.XamarinForms.BotClient2\AdaptiveCards.XamarinForms.BotClient2.xproj", "{EF7D4305-BAEF-4FE8-984B-A4D61AA5BEF5}"
EndProject
Global
	GlobalSection(SolutionConfigurationPlatforms) = preSolution
		Debug|Any CPU = Debug|Any CPU
		Debug|ARM = Debug|ARM
		Debug|x64 = Debug|x64
		Debug|x86 = Debug|x86
		Release|Any CPU = Release|Any CPU
		Release|ARM = Release|ARM
		Release|x64 = Release|x64
		Release|x86 = Release|x86
	EndGlobalSection
	GlobalSection(ProjectConfigurationPlatforms) = postSolution
		{1B1D0934-2B03-42A5-8322-D480CDFDD55B}.Debug|Any CPU.ActiveCfg = Debug|Any CPU
		{1B1D0934-2B03-42A5-8322-D480CDFDD55B}.Debug|Any CPU.Build.0 = Debug|Any CPU
		{1B1D0934-2B03-42A5-8322-D480CDFDD55B}.Debug|ARM.ActiveCfg = Debug|Any CPU
		{1B1D0934-2B03-42A5-8322-D480CDFDD55B}.Debug|ARM.Build.0 = Debug|Any CPU
		{1B1D0934-2B03-42A5-8322-D480CDFDD55B}.Debug|x64.ActiveCfg = Debug|Any CPU
		{1B1D0934-2B03-42A5-8322-D480CDFDD55B}.Debug|x64.Build.0 = Debug|Any CPU
		{1B1D0934-2B03-42A5-8322-D480CDFDD55B}.Debug|x86.ActiveCfg = Debug|Any CPU
		{1B1D0934-2B03-42A5-8322-D480CDFDD55B}.Debug|x86.Build.0 = Debug|Any CPU
		{1B1D0934-2B03-42A5-8322-D480CDFDD55B}.Release|Any CPU.ActiveCfg = Release|Any CPU
		{1B1D0934-2B03-42A5-8322-D480CDFDD55B}.Release|Any CPU.Build.0 = Release|Any CPU
		{1B1D0934-2B03-42A5-8322-D480CDFDD55B}.Release|ARM.ActiveCfg = Release|Any CPU
		{1B1D0934-2B03-42A5-8322-D480CDFDD55B}.Release|ARM.Build.0 = Release|Any CPU
		{1B1D0934-2B03-42A5-8322-D480CDFDD55B}.Release|x64.ActiveCfg = Release|Any CPU
		{1B1D0934-2B03-42A5-8322-D480CDFDD55B}.Release|x64.Build.0 = Release|Any CPU
		{1B1D0934-2B03-42A5-8322-D480CDFDD55B}.Release|x86.ActiveCfg = Release|Any CPU
		{1B1D0934-2B03-42A5-8322-D480CDFDD55B}.Release|x86.Build.0 = Release|Any CPU
		{60619D62-59FA-4864-BA5B-6F6F87997671}.Debug|Any CPU.ActiveCfg = Debug|Any CPU
		{60619D62-59FA-4864-BA5B-6F6F87997671}.Debug|Any CPU.Build.0 = Debug|Any CPU
		{60619D62-59FA-4864-BA5B-6F6F87997671}.Debug|ARM.ActiveCfg = Debug|Any CPU
		{60619D62-59FA-4864-BA5B-6F6F87997671}.Debug|ARM.Build.0 = Debug|Any CPU
		{60619D62-59FA-4864-BA5B-6F6F87997671}.Debug|x64.ActiveCfg = Debug|Any CPU
		{60619D62-59FA-4864-BA5B-6F6F87997671}.Debug|x64.Build.0 = Debug|Any CPU
		{60619D62-59FA-4864-BA5B-6F6F87997671}.Debug|x86.ActiveCfg = Debug|x86
		{60619D62-59FA-4864-BA5B-6F6F87997671}.Release|Any CPU.ActiveCfg = Release|Any CPU
		{60619D62-59FA-4864-BA5B-6F6F87997671}.Release|Any CPU.Build.0 = Release|Any CPU
		{60619D62-59FA-4864-BA5B-6F6F87997671}.Release|ARM.ActiveCfg = Release|Any CPU
		{60619D62-59FA-4864-BA5B-6F6F87997671}.Release|ARM.Build.0 = Release|Any CPU
		{60619D62-59FA-4864-BA5B-6F6F87997671}.Release|x64.ActiveCfg = Release|Any CPU
		{60619D62-59FA-4864-BA5B-6F6F87997671}.Release|x64.Build.0 = Release|Any CPU
		{60619D62-59FA-4864-BA5B-6F6F87997671}.Release|x86.ActiveCfg = Release|x86
		{60619D62-59FA-4864-BA5B-6F6F87997671}.Release|x86.Build.0 = Release|x86
		{012406C8-BB8F-493B-A3A1-0D02214ADAA1}.Debug|Any CPU.ActiveCfg = Debug|Any CPU
		{012406C8-BB8F-493B-A3A1-0D02214ADAA1}.Debug|Any CPU.Build.0 = Debug|Any CPU
		{012406C8-BB8F-493B-A3A1-0D02214ADAA1}.Debug|ARM.ActiveCfg = Debug|Any CPU
		{012406C8-BB8F-493B-A3A1-0D02214ADAA1}.Debug|ARM.Build.0 = Debug|Any CPU
		{012406C8-BB8F-493B-A3A1-0D02214ADAA1}.Debug|x64.ActiveCfg = Debug|Any CPU
		{012406C8-BB8F-493B-A3A1-0D02214ADAA1}.Debug|x64.Build.0 = Debug|Any CPU
		{012406C8-BB8F-493B-A3A1-0D02214ADAA1}.Debug|x86.ActiveCfg = Debug|x86
		{012406C8-BB8F-493B-A3A1-0D02214ADAA1}.Debug|x86.Build.0 = Debug|x86
		{012406C8-BB8F-493B-A3A1-0D02214ADAA1}.Release|Any CPU.ActiveCfg = Release|Any CPU
		{012406C8-BB8F-493B-A3A1-0D02214ADAA1}.Release|Any CPU.Build.0 = Release|Any CPU
		{012406C8-BB8F-493B-A3A1-0D02214ADAA1}.Release|ARM.ActiveCfg = Release|Any CPU
		{012406C8-BB8F-493B-A3A1-0D02214ADAA1}.Release|ARM.Build.0 = Release|Any CPU
		{012406C8-BB8F-493B-A3A1-0D02214ADAA1}.Release|x64.ActiveCfg = Release|Any CPU
		{012406C8-BB8F-493B-A3A1-0D02214ADAA1}.Release|x64.Build.0 = Release|Any CPU
		{012406C8-BB8F-493B-A3A1-0D02214ADAA1}.Release|x86.ActiveCfg = Release|x86
		{012406C8-BB8F-493B-A3A1-0D02214ADAA1}.Release|x86.Build.0 = Release|x86
		{67F9D3A8-F71E-4428-913F-C37AE82CDB24}.Debug|Any CPU.ActiveCfg = Debug|Any CPU
		{67F9D3A8-F71E-4428-913F-C37AE82CDB24}.Debug|Any CPU.Build.0 = Debug|Any CPU
		{67F9D3A8-F71E-4428-913F-C37AE82CDB24}.Debug|ARM.ActiveCfg = Debug|Any CPU
		{67F9D3A8-F71E-4428-913F-C37AE82CDB24}.Debug|ARM.Build.0 = Debug|Any CPU
		{67F9D3A8-F71E-4428-913F-C37AE82CDB24}.Debug|x64.ActiveCfg = Debug|Any CPU
		{67F9D3A8-F71E-4428-913F-C37AE82CDB24}.Debug|x64.Build.0 = Debug|Any CPU
		{67F9D3A8-F71E-4428-913F-C37AE82CDB24}.Debug|x86.ActiveCfg = Debug|Any CPU
		{67F9D3A8-F71E-4428-913F-C37AE82CDB24}.Debug|x86.Build.0 = Debug|Any CPU
		{67F9D3A8-F71E-4428-913F-C37AE82CDB24}.Release|Any CPU.ActiveCfg = Release|Any CPU
		{67F9D3A8-F71E-4428-913F-C37AE82CDB24}.Release|Any CPU.Build.0 = Release|Any CPU
		{67F9D3A8-F71E-4428-913F-C37AE82CDB24}.Release|ARM.ActiveCfg = Release|Any CPU
		{67F9D3A8-F71E-4428-913F-C37AE82CDB24}.Release|ARM.Build.0 = Release|Any CPU
		{67F9D3A8-F71E-4428-913F-C37AE82CDB24}.Release|x64.ActiveCfg = Release|Any CPU
		{67F9D3A8-F71E-4428-913F-C37AE82CDB24}.Release|x64.Build.0 = Release|Any CPU
		{67F9D3A8-F71E-4428-913F-C37AE82CDB24}.Release|x86.ActiveCfg = Release|Any CPU
		{67F9D3A8-F71E-4428-913F-C37AE82CDB24}.Release|x86.Build.0 = Release|Any CPU
		{8FBF1B9B-4DA1-45A1-A682-0C87E4AC34CC}.Debug|Any CPU.ActiveCfg = Debug|Any CPU
		{8FBF1B9B-4DA1-45A1-A682-0C87E4AC34CC}.Debug|Any CPU.Build.0 = Debug|Any CPU
		{8FBF1B9B-4DA1-45A1-A682-0C87E4AC34CC}.Debug|ARM.ActiveCfg = Debug|Any CPU
		{8FBF1B9B-4DA1-45A1-A682-0C87E4AC34CC}.Debug|ARM.Build.0 = Debug|Any CPU
		{8FBF1B9B-4DA1-45A1-A682-0C87E4AC34CC}.Debug|x64.ActiveCfg = Debug|Any CPU
		{8FBF1B9B-4DA1-45A1-A682-0C87E4AC34CC}.Debug|x64.Build.0 = Debug|Any CPU
		{8FBF1B9B-4DA1-45A1-A682-0C87E4AC34CC}.Debug|x86.ActiveCfg = Debug|Any CPU
		{8FBF1B9B-4DA1-45A1-A682-0C87E4AC34CC}.Debug|x86.Build.0 = Debug|Any CPU
		{8FBF1B9B-4DA1-45A1-A682-0C87E4AC34CC}.Release|Any CPU.ActiveCfg = Release|Any CPU
		{8FBF1B9B-4DA1-45A1-A682-0C87E4AC34CC}.Release|Any CPU.Build.0 = Release|Any CPU
		{8FBF1B9B-4DA1-45A1-A682-0C87E4AC34CC}.Release|ARM.ActiveCfg = Release|Any CPU
		{8FBF1B9B-4DA1-45A1-A682-0C87E4AC34CC}.Release|ARM.Build.0 = Release|Any CPU
		{8FBF1B9B-4DA1-45A1-A682-0C87E4AC34CC}.Release|x64.ActiveCfg = Release|Any CPU
		{8FBF1B9B-4DA1-45A1-A682-0C87E4AC34CC}.Release|x64.Build.0 = Release|Any CPU
		{8FBF1B9B-4DA1-45A1-A682-0C87E4AC34CC}.Release|x86.ActiveCfg = Release|Any CPU
		{8FBF1B9B-4DA1-45A1-A682-0C87E4AC34CC}.Release|x86.Build.0 = Release|Any CPU
		{732594E9-8585-4EE8-ABA7-70F4AEDC56AF}.Debug|Any CPU.ActiveCfg = Debug|x86
		{732594E9-8585-4EE8-ABA7-70F4AEDC56AF}.Debug|Any CPU.Build.0 = Debug|x86
		{732594E9-8585-4EE8-ABA7-70F4AEDC56AF}.Debug|Any CPU.Deploy.0 = Debug|x86
		{732594E9-8585-4EE8-ABA7-70F4AEDC56AF}.Debug|ARM.ActiveCfg = Debug|ARM
		{732594E9-8585-4EE8-ABA7-70F4AEDC56AF}.Debug|ARM.Build.0 = Debug|ARM
		{732594E9-8585-4EE8-ABA7-70F4AEDC56AF}.Debug|ARM.Deploy.0 = Debug|ARM
		{732594E9-8585-4EE8-ABA7-70F4AEDC56AF}.Debug|x64.ActiveCfg = Debug|x64
		{732594E9-8585-4EE8-ABA7-70F4AEDC56AF}.Debug|x64.Build.0 = Debug|x64
		{732594E9-8585-4EE8-ABA7-70F4AEDC56AF}.Debug|x64.Deploy.0 = Debug|x64
		{732594E9-8585-4EE8-ABA7-70F4AEDC56AF}.Debug|x86.ActiveCfg = Debug|x86
		{732594E9-8585-4EE8-ABA7-70F4AEDC56AF}.Debug|x86.Build.0 = Debug|x86
		{732594E9-8585-4EE8-ABA7-70F4AEDC56AF}.Debug|x86.Deploy.0 = Debug|x86
		{732594E9-8585-4EE8-ABA7-70F4AEDC56AF}.Release|Any CPU.ActiveCfg = Release|x86
		{732594E9-8585-4EE8-ABA7-70F4AEDC56AF}.Release|ARM.ActiveCfg = Release|ARM
		{732594E9-8585-4EE8-ABA7-70F4AEDC56AF}.Release|ARM.Build.0 = Release|ARM
		{732594E9-8585-4EE8-ABA7-70F4AEDC56AF}.Release|ARM.Deploy.0 = Release|ARM
		{732594E9-8585-4EE8-ABA7-70F4AEDC56AF}.Release|x64.ActiveCfg = Release|x64
		{732594E9-8585-4EE8-ABA7-70F4AEDC56AF}.Release|x64.Build.0 = Release|x64
		{732594E9-8585-4EE8-ABA7-70F4AEDC56AF}.Release|x64.Deploy.0 = Release|x64
		{732594E9-8585-4EE8-ABA7-70F4AEDC56AF}.Release|x86.ActiveCfg = Release|x86
		{732594E9-8585-4EE8-ABA7-70F4AEDC56AF}.Release|x86.Build.0 = Release|x86
		{732594E9-8585-4EE8-ABA7-70F4AEDC56AF}.Release|x86.Deploy.0 = Release|x86
		{EF7D4305-BAEF-4FE8-984B-A4D61AA5BEF5}.Debug|Any CPU.ActiveCfg = Debug|Any CPU
		{EF7D4305-BAEF-4FE8-984B-A4D61AA5BEF5}.Debug|Any CPU.Build.0 = Debug|Any CPU
		{EF7D4305-BAEF-4FE8-984B-A4D61AA5BEF5}.Debug|ARM.ActiveCfg = Debug|Any CPU
		{EF7D4305-BAEF-4FE8-984B-A4D61AA5BEF5}.Debug|ARM.Build.0 = Debug|Any CPU
		{EF7D4305-BAEF-4FE8-984B-A4D61AA5BEF5}.Debug|x64.ActiveCfg = Debug|Any CPU
		{EF7D4305-BAEF-4FE8-984B-A4D61AA5BEF5}.Debug|x64.Build.0 = Debug|Any CPU
		{EF7D4305-BAEF-4FE8-984B-A4D61AA5BEF5}.Debug|x86.ActiveCfg = Debug|Any CPU
		{EF7D4305-BAEF-4FE8-984B-A4D61AA5BEF5}.Debug|x86.Build.0 = Debug|Any CPU
		{EF7D4305-BAEF-4FE8-984B-A4D61AA5BEF5}.Release|Any CPU.ActiveCfg = Release|Any CPU
		{EF7D4305-BAEF-4FE8-984B-A4D61AA5BEF5}.Release|Any CPU.Build.0 = Release|Any CPU
		{EF7D4305-BAEF-4FE8-984B-A4D61AA5BEF5}.Release|ARM.ActiveCfg = Release|Any CPU
		{EF7D4305-BAEF-4FE8-984B-A4D61AA5BEF5}.Release|ARM.Build.0 = Release|Any CPU
		{EF7D4305-BAEF-4FE8-984B-A4D61AA5BEF5}.Release|x64.ActiveCfg = Release|Any CPU
		{EF7D4305-BAEF-4FE8-984B-A4D61AA5BEF5}.Release|x64.Build.0 = Release|Any CPU
		{EF7D4305-BAEF-4FE8-984B-A4D61AA5BEF5}.Release|x86.ActiveCfg = Release|Any CPU
		{EF7D4305-BAEF-4FE8-984B-A4D61AA5BEF5}.Release|x86.Build.0 = Release|Any CPU
	EndGlobalSection
	GlobalSection(SolutionProperties) = preSolution
		HideSolutionNode = FALSE
	EndGlobalSection
	GlobalSection(NestedProjects) = preSolution
		{60619D62-59FA-4864-BA5B-6F6F87997671} = {34E7CAB1-15F6-4076-85F8-50662DC43AAD}
		{012406C8-BB8F-493B-A3A1-0D02214ADAA1} = {34E7CAB1-15F6-4076-85F8-50662DC43AAD}
		{67F9D3A8-F71E-4428-913F-C37AE82CDB24} = {C443BF0A-C616-4E98-8994-C5BAE76AE556}
		{8FBF1B9B-4DA1-45A1-A682-0C87E4AC34CC} = {C443BF0A-C616-4E98-8994-C5BAE76AE556}
		{732594E9-8585-4EE8-ABA7-70F4AEDC56AF} = {C443BF0A-C616-4E98-8994-C5BAE76AE556}
		{EF7D4305-BAEF-4FE8-984B-A4D61AA5BEF5} = {C443BF0A-C616-4E98-8994-C5BAE76AE556}
	EndGlobalSection
EndGlobal
